
Microsoft Visual Studio Solution File, Format Version 12.00
Project("{FAE04EC0-301F-11D3-BF4B-00C04F79EFBC}") = "AtcPoc", "AtcPoc.csproj", "{799E5630-11E1-4A09-BA28-5AED1B657DC3}"
EndProject
Global
	GlobalSection(SolutionConfigurationPlatforms) = preSolution
		Debug|Any CPU = Debug|Any CPU
		Release|Any CPU = Release|Any CPU
	EndGlobalSection
	GlobalSection(ProjectConfigurationPlatforms) = postSolution
		{799E5630-11E1-4A09-BA28-5AED1B657DC3}.Debug|Any CPU.ActiveCfg = Debug|Any CPU
		{799E5630-11E1-4A09-BA28-5AED1B657DC3}.Debug|Any CPU.Build.0 = Debug|Any CPU
		{799E5630-11E1-4A09-BA28-5AED1B657DC3}.Release|Any CPU.ActiveCfg = Release|Any CPU
		{799E5630-11E1-4A09-BA28-5AED1B657DC3}.Release|Any CPU.Build.0 = Release|Any CPU
	EndGlobalSection
EndGlobal
