
Microsoft Visual Studio Solution File, Format Version 12.00
Project("{FAE04EC0-301F-11D3-BF4B-00C04F79EFBC}") = "HumanGeneratedAddressChanges", "HumanGeneratedAddressChanges\HumanGeneratedAddressChanges.csproj", "{C052089F-786C-4DE9-8978-77A4DC5CD43A}"
EndProject
Project("{FAE04EC0-301F-11D3-BF4B-00C04F79EFBC}") = "SharedFunctions", "SharedFunctions\SharedFunctions.csproj", "{180CBBFF-5B5B-49D8-B22C-83C6FED29231}"
EndProject
Project("{FAE04EC0-301F-11D3-BF4B-00C04F79EFBC}") = "ClaudeAddressChanges", "ClaudeAddressChanges\ClaudeAddressChanges.csproj", "{4C7038C8-9126-415F-9D17-5A5368E33984}"
EndProject
Global
	GlobalSection(SolutionConfigurationPlatforms) = preSolution
		Debug|Any CPU = Debug|Any CPU
		Release|Any CPU = Release|Any CPU
	EndGlobalSection
	GlobalSection(ProjectConfigurationPlatforms) = postSolution
		{C052089F-786C-4DE9-8978-77A4DC5CD43A}.Debug|Any CPU.ActiveCfg = Debug|Any CPU
		{C052089F-786C-4DE9-8978-77A4DC5CD43A}.Debug|Any CPU.Build.0 = Debug|Any CPU
		{C052089F-786C-4DE9-8978-77A4DC5CD43A}.Release|Any CPU.ActiveCfg = Release|Any CPU
		{C052089F-786C-4DE9-8978-77A4DC5CD43A}.Release|Any CPU.Build.0 = Release|Any CPU
		{180CBBFF-5B5B-49D8-B22C-83C6FED29231}.Debug|Any CPU.ActiveCfg = Debug|Any CPU
		{180CBBFF-5B5B-49D8-B22C-83C6FED29231}.Debug|Any CPU.Build.0 = Debug|Any CPU
		{180CBBFF-5B5B-49D8-B22C-83C6FED29231}.Release|Any CPU.ActiveCfg = Release|Any CPU
		{180CBBFF-5B5B-49D8-B22C-83C6FED29231}.Release|Any CPU.Build.0 = Release|Any CPU
		{4C7038C8-9126-415F-9D17-5A5368E33984}.Debug|Any CPU.ActiveCfg = Debug|Any CPU
		{4C7038C8-9126-415F-9D17-5A5368E33984}.Debug|Any CPU.Build.0 = Debug|Any CPU
		{4C7038C8-9126-415F-9D17-5A5368E33984}.Release|Any CPU.ActiveCfg = Release|Any CPU
		{4C7038C8-9126-415F-9D17-5A5368E33984}.Release|Any CPU.Build.0 = Release|Any CPU
	EndGlobalSection
EndGlobal
